// !$*UTF8*$!
{
	archiveVersion = 1;
	classes = {
	};
	objectVersion = 54;
	objects = {

/* Begin PBXBuildFile section */
		D468535825FFAEA200380E41 /* Localizable.strings in Resources */ = {isa = PBXBuildFile; fileRef = D468535625FFAEA200380E41 /* Localizable.strings */; };
		D46FD8772603AB94001DA113 /* RVS-Generic-Swift-Toolbox in Frameworks */ = {isa = PBXBuildFile; productRef = D46FD8762603AB94001DA113 /* RVS-Generic-Swift-Toolbox */; };
		D46FD87E2603B4E1001DA113 /* libRVS_Checkbox.a in Frameworks */ = {isa = PBXBuildFile; fileRef = D4970C2125FF997A00B97CC4 /* libRVS_Checkbox.a */; };
		D4970C2D25FF99B400B97CC4 /* RVS_Checkbox.swift in Sources */ = {isa = PBXBuildFile; fileRef = D4970C2C25FF99B400B97CC4 /* RVS_Checkbox.swift */; };
		D4E8A21B2604E1EB0098B673 /* RVS_Checkbox_TestHarness_AppDelegate.swift in Sources */ = {isa = PBXBuildFile; fileRef = D4FD203C25FF910200884043 /* RVS_Checkbox_TestHarness_AppDelegate.swift */; };
		D4E8A21C2604E1EB0098B673 /* RVS_Checkbox_TestHarness_ViewController.swift in Sources */ = {isa = PBXBuildFile; fileRef = D4FD204025FF910200884043 /* RVS_Checkbox_TestHarness_ViewController.swift */; };
		D4E8A21F2604E1F00098B673 /* Main.storyboard in Resources */ = {isa = PBXBuildFile; fileRef = D4FD204225FF910200884043 /* Main.storyboard */; };
		D4E8A2202604E1F00098B673 /* LaunchScreen.storyboard in Resources */ = {isa = PBXBuildFile; fileRef = D4FD204725FF910300884043 /* LaunchScreen.storyboard */; };
		D4E8A2232604E1F70098B673 /* Localizable.strings in Resources */ = {isa = PBXBuildFile; fileRef = D468535625FFAEA200380E41 /* Localizable.strings */; };
		D4E8A2262604E1FB0098B673 /* Assets.xcassets in Resources */ = {isa = PBXBuildFile; fileRef = D4FD204525FF910300884043 /* Assets.xcassets */; };
		D4E8A22C2604E2A00098B673 /* RVS-Generic-Swift-Toolbox in Frameworks */ = {isa = PBXBuildFile; productRef = D4E8A22B2604E2A00098B673 /* RVS-Generic-Swift-Toolbox */; };
		D4E8A22F2604E2F60098B673 /* RVS-Checkbox in Frameworks */ = {isa = PBXBuildFile; productRef = D4E8A22E2604E2F60098B673 /* RVS-Checkbox */; };
		D4FD203D25FF910200884043 /* RVS_Checkbox_TestHarness_AppDelegate.swift in Sources */ = {isa = PBXBuildFile; fileRef = D4FD203C25FF910200884043 /* RVS_Checkbox_TestHarness_AppDelegate.swift */; };
		D4FD204125FF910200884043 /* RVS_Checkbox_TestHarness_ViewController.swift in Sources */ = {isa = PBXBuildFile; fileRef = D4FD204025FF910200884043 /* RVS_Checkbox_TestHarness_ViewController.swift */; };
		D4FD204425FF910200884043 /* Main.storyboard in Resources */ = {isa = PBXBuildFile; fileRef = D4FD204225FF910200884043 /* Main.storyboard */; };
		D4FD204625FF910300884043 /* Assets.xcassets in Resources */ = {isa = PBXBuildFile; fileRef = D4FD204525FF910300884043 /* Assets.xcassets */; };
		D4FD204925FF910300884043 /* LaunchScreen.storyboard in Resources */ = {isa = PBXBuildFile; fileRef = D4FD204725FF910300884043 /* LaunchScreen.storyboard */; };
/* End PBXBuildFile section */

/* Begin PBXContainerItemProxy section */
		D46FD87F2603B4E1001DA113 /* PBXContainerItemProxy */ = {
			isa = PBXContainerItemProxy;
			containerPortal = D4FD201125FF90C200884043 /* Project object */;
			proxyType = 1;
			remoteGlobalIDString = D4970C2025FF997A00B97CC4;
			remoteInfo = RVS_Checkbox;
		};
/* End PBXContainerItemProxy section */

/* Begin PBXFileReference section */
		D468535725FFAEA200380E41 /* Base */ = {isa = PBXFileReference; lastKnownFileType = text.plist.strings; name = Base; path = Base.lproj/Localizable.strings; sourceTree = "<group>"; };
		D483817E260529E500A4C686 /* RVS_Checkbox.podspec */ = {isa = PBXFileReference; lastKnownFileType = text; path = RVS_Checkbox.podspec; sourceTree = "<group>"; };
		D4970C2125FF997A00B97CC4 /* libRVS_Checkbox.a */ = {isa = PBXFileReference; explicitFileType = archive.ar; includeInIndex = 0; path = libRVS_Checkbox.a; sourceTree = BUILT_PRODUCTS_DIR; };
		D4970C2C25FF99B400B97CC4 /* RVS_Checkbox.swift */ = {isa = PBXFileReference; fileEncoding = 4; lastKnownFileType = sourcecode.swift; path = RVS_Checkbox.swift; sourceTree = "<group>"; };
		D4970C3025FF9A2000B97CC4 /* .swiftlint.yml */ = {isa = PBXFileReference; lastKnownFileType = text.yaml; path = .swiftlint.yml; sourceTree = "<group>"; };
		D4970C3125FF9A3300B97CC4 /* Warnings.xcconfig */ = {isa = PBXFileReference; lastKnownFileType = text.xcconfig; name = Warnings.xcconfig; path = "Project-Meta/Warnings.xcconfig"; sourceTree = "<group>"; };
		D4970C3625FF9A5F00B97CC4 /* Package.swift */ = {isa = PBXFileReference; lastKnownFileType = sourcecode.swift; path = Package.swift; sourceTree = "<group>"; };
		D4970C3725FF9A9400B97CC4 /* CHANGELOG.md */ = {isa = PBXFileReference; lastKnownFileType = net.daringfireball.markdown; path = CHANGELOG.md; sourceTree = "<group>"; };
		D4970C3825FF9AB700B97CC4 /* CODEOWNERS */ = {isa = PBXFileReference; lastKnownFileType = text; path = CODEOWNERS; sourceTree = "<group>"; };
		D4970C3925FF9ABF00B97CC4 /* jazzy.command */ = {isa = PBXFileReference; lastKnownFileType = text.script.sh; path = jazzy.command; sourceTree = "<group>"; };
		D4970C4225FF9C9D00B97CC4 /* LICENSE */ = {isa = PBXFileReference; lastKnownFileType = text; name = LICENSE; path = ../RVS_GeneralObserver/LICENSE; sourceTree = "<group>"; };
		D4E8A1E02604E1BB0098B673 /* RVS_Checkbox_TestHarness (SPM).app */ = {isa = PBXFileReference; explicitFileType = wrapper.application; includeInIndex = 0; path = "RVS_Checkbox_TestHarness (SPM).app"; sourceTree = BUILT_PRODUCTS_DIR; };
		D4E8A2362604E3A90098B673 /* Info-SPM.plist */ = {isa = PBXFileReference; lastKnownFileType = text.plist.xml; path = "Info-SPM.plist"; sourceTree = "<group>"; };
		D4FD203A25FF910200884043 /* RVS_Checkbox_TestHarness (Direct).app */ = {isa = PBXFileReference; explicitFileType = wrapper.application; includeInIndex = 0; path = "RVS_Checkbox_TestHarness (Direct).app"; sourceTree = BUILT_PRODUCTS_DIR; };
		D4FD203C25FF910200884043 /* RVS_Checkbox_TestHarness_AppDelegate.swift */ = {isa = PBXFileReference; lastKnownFileType = sourcecode.swift; path = RVS_Checkbox_TestHarness_AppDelegate.swift; sourceTree = "<group>"; };
		D4FD204025FF910200884043 /* RVS_Checkbox_TestHarness_ViewController.swift */ = {isa = PBXFileReference; lastKnownFileType = sourcecode.swift; path = RVS_Checkbox_TestHarness_ViewController.swift; sourceTree = "<group>"; };
		D4FD204325FF910200884043 /* Base */ = {isa = PBXFileReference; lastKnownFileType = file.storyboard; name = Base; path = Base.lproj/Main.storyboard; sourceTree = "<group>"; };
		D4FD204525FF910300884043 /* Assets.xcassets */ = {isa = PBXFileReference; lastKnownFileType = folder.assetcatalog; path = Assets.xcassets; sourceTree = "<group>"; };
		D4FD204825FF910300884043 /* Base */ = {isa = PBXFileReference; lastKnownFileType = file.storyboard; name = Base; path = Base.lproj/LaunchScreen.storyboard; sourceTree = "<group>"; };
		D4FD204A25FF910300884043 /* Info.plist */ = {isa = PBXFileReference; lastKnownFileType = text.plist.xml; path = Info.plist; sourceTree = "<group>"; };
/* End PBXFileReference section */

/* Begin PBXFrameworksBuildPhase section */
		D4E8A1DD2604E1BB0098B673 /* Frameworks */ = {
			isa = PBXFrameworksBuildPhase;
			buildActionMask = 2147483647;
			files = (
				D4E8A22C2604E2A00098B673 /* RVS-Generic-Swift-Toolbox in Frameworks */,
				D4E8A22F2604E2F60098B673 /* RVS-Checkbox in Frameworks */,
			);
			runOnlyForDeploymentPostprocessing = 0;
		};
		D4FD203725FF910200884043 /* Frameworks */ = {
			isa = PBXFrameworksBuildPhase;
			buildActionMask = 2147483647;
			files = (
				D46FD87E2603B4E1001DA113 /* libRVS_Checkbox.a in Frameworks */,
				D46FD8772603AB94001DA113 /* RVS-Generic-Swift-Toolbox in Frameworks */,
			);
			runOnlyForDeploymentPostprocessing = 0;
		};
/* End PBXFrameworksBuildPhase section */

/* Begin PBXGroup section */
		D46FD86226037589001DA113 /* Frameworks */ = {
			isa = PBXGroup;
			children = (
			);
			name = Frameworks;
			sourceTree = "<group>";
		};
		D4970C2A25FF99B400B97CC4 /* Sources */ = {
			isa = PBXGroup;
			children = (
				D4970C2B25FF99B400B97CC4 /* RVS_Checkbox */,
			);
			path = Sources;
			sourceTree = "<group>";
		};
		D4970C2B25FF99B400B97CC4 /* RVS_Checkbox */ = {
			isa = PBXGroup;
			children = (
				D4970C2C25FF99B400B97CC4 /* RVS_Checkbox.swift */,
			);
			path = RVS_Checkbox;
			sourceTree = "<group>";
		};
		D4FD201025FF90C200884043 = {
			isa = PBXGroup;
			children = (
				D4970C3725FF9A9400B97CC4 /* CHANGELOG.md */,
				D4970C3825FF9AB700B97CC4 /* CODEOWNERS */,
				D4970C4225FF9C9D00B97CC4 /* LICENSE */,
				D4970C3925FF9ABF00B97CC4 /* jazzy.command */,
				D4970C3625FF9A5F00B97CC4 /* Package.swift */,
				D4970C3125FF9A3300B97CC4 /* Warnings.xcconfig */,
				D4970C3025FF9A2000B97CC4 /* .swiftlint.yml */,
				D483817E260529E500A4C686 /* RVS_Checkbox.podspec */,
				D4970C2A25FF99B400B97CC4 /* Sources */,
				D4FD207125FF916300884043 /* TestHarness */,
				D4FD201B25FF90C200884043 /* Products */,
				D46FD86226037589001DA113 /* Frameworks */,
			);
			sourceTree = "<group>";
		};
		D4FD201B25FF90C200884043 /* Products */ = {
			isa = PBXGroup;
			children = (
				D4FD203A25FF910200884043 /* RVS_Checkbox_TestHarness (Direct).app */,
				D4970C2125FF997A00B97CC4 /* libRVS_Checkbox.a */,
				D4E8A1E02604E1BB0098B673 /* RVS_Checkbox_TestHarness (SPM).app */,
			);
			name = Products;
			sourceTree = "<group>";
		};
		D4FD203B25FF910200884043 /* RVS_Checkbox_TestHarness */ = {
			isa = PBXGroup;
			children = (
				D4FD203C25FF910200884043 /* RVS_Checkbox_TestHarness_AppDelegate.swift */,
				D4FD204025FF910200884043 /* RVS_Checkbox_TestHarness_ViewController.swift */,
				D4FD204225FF910200884043 /* Main.storyboard */,
				D4FD204525FF910300884043 /* Assets.xcassets */,
				D468535625FFAEA200380E41 /* Localizable.strings */,
				D4FD204725FF910300884043 /* LaunchScreen.storyboard */,
				D4E8A2362604E3A90098B673 /* Info-SPM.plist */,
				D4FD204A25FF910300884043 /* Info.plist */,
			);
			path = RVS_Checkbox_TestHarness;
			sourceTree = "<group>";
		};
		D4FD207125FF916300884043 /* TestHarness */ = {
			isa = PBXGroup;
			children = (
				D4FD203B25FF910200884043 /* RVS_Checkbox_TestHarness */,
			);
			path = TestHarness;
			sourceTree = "<group>";
		};
/* End PBXGroup section */

/* Begin PBXNativeTarget section */
		D4970C2025FF997A00B97CC4 /* RVS_Checkbox */ = {
			isa = PBXNativeTarget;
			buildConfigurationList = D4970C2525FF997A00B97CC4 /* Build configuration list for PBXNativeTarget "RVS_Checkbox" */;
			buildPhases = (
				D4FD1A4126051210005580D2 /* SwiftLint */,
				D4970C1D25FF997A00B97CC4 /* Sources */,
			);
			buildRules = (
			);
			dependencies = (
			);
			name = RVS_Checkbox;
			productName = RVS_Checkbox;
			productReference = D4970C2125FF997A00B97CC4 /* libRVS_Checkbox.a */;
			productType = "com.apple.product-type.library.static";
		};
		D4E8A1DF2604E1BB0098B673 /* RVS_Checkbox_TestHarness (SPM) */ = {
			isa = PBXNativeTarget;
			buildConfigurationList = D4E8A20D2604E1BC0098B673 /* Build configuration list for PBXNativeTarget "RVS_Checkbox_TestHarness (SPM)" */;
			buildPhases = (
				D4FD1A432605123E005580D2 /* SwiftLint */,
				D4E8A1DC2604E1BB0098B673 /* Sources */,
				D4E8A1DD2604E1BB0098B673 /* Frameworks */,
				D4E8A1DE2604E1BB0098B673 /* Resources */,
			);
			buildRules = (
			);
			dependencies = (
			);
			name = "RVS_Checkbox_TestHarness (SPM)";
			packageProductDependencies = (
				D4E8A22B2604E2A00098B673 /* RVS-Generic-Swift-Toolbox */,
				D4E8A22E2604E2F60098B673 /* RVS-Checkbox */,
			);
			productName = "RVS_Checkbox_TestHarness (SPM)";
			productReference = D4E8A1E02604E1BB0098B673 /* RVS_Checkbox_TestHarness (SPM).app */;
			productType = "com.apple.product-type.application";
		};
		D4FD203925FF910200884043 /* RVS_Checkbox_TestHarness (Direct) */ = {
			isa = PBXNativeTarget;
			buildConfigurationList = D4FD206125FF910300884043 /* Build configuration list for PBXNativeTarget "RVS_Checkbox_TestHarness (Direct)" */;
			buildPhases = (
				D4FD1A4226051228005580D2 /* SwiftLint */,
				D4FD203625FF910200884043 /* Sources */,
				D4FD203725FF910200884043 /* Frameworks */,
				D4FD203825FF910200884043 /* Resources */,
			);
			buildRules = (
			);
			dependencies = (
				D46FD8802603B4E1001DA113 /* PBXTargetDependency */,
			);
			name = "RVS_Checkbox_TestHarness (Direct)";
			packageProductDependencies = (
				D46FD8762603AB94001DA113 /* RVS-Generic-Swift-Toolbox */,
			);
			productName = RVS_Checkbox_TestHarness;
			productReference = D4FD203A25FF910200884043 /* RVS_Checkbox_TestHarness (Direct).app */;
			productType = "com.apple.product-type.application";
		};
/* End PBXNativeTarget section */

/* Begin PBXProject section */
		D4FD201125FF90C200884043 /* Project object */ = {
			isa = PBXProject;
			attributes = {
				LastSwiftUpdateCheck = 1240;
				LastUpgradeCheck = 1240;
				TargetAttributes = {
					D4970C2025FF997A00B97CC4 = {
						CreatedOnToolsVersion = 12.4;
					};
					D4E8A1DF2604E1BB0098B673 = {
						CreatedOnToolsVersion = 12.4;
					};
					D4FD203925FF910200884043 = {
						CreatedOnToolsVersion = 12.4;
					};
				};
			};
			buildConfigurationList = D4FD201425FF90C200884043 /* Build configuration list for PBXProject "RVS_Checkbox" */;
			compatibilityVersion = "Xcode 12.0";
			developmentRegion = en;
			hasScannedForEncodings = 0;
			knownRegions = (
				en,
				Base,
			);
			mainGroup = D4FD201025FF90C200884043;
			packageReferences = (
				D46FD8752603AB94001DA113 /* XCRemoteSwiftPackageReference "RVS_Generic_Swift_Toolbox" */,
				D4E8A22D2604E2F60098B673 /* XCRemoteSwiftPackageReference "RVS_Checkbox" */,
			);
			productRefGroup = D4FD201B25FF90C200884043 /* Products */;
			projectDirPath = "";
			projectRoot = "";
			targets = (
				D4970C2025FF997A00B97CC4 /* RVS_Checkbox */,
				D4FD203925FF910200884043 /* RVS_Checkbox_TestHarness (Direct) */,
				D4E8A1DF2604E1BB0098B673 /* RVS_Checkbox_TestHarness (SPM) */,
			);
		};
/* End PBXProject section */

/* Begin PBXResourcesBuildPhase section */
		D4E8A1DE2604E1BB0098B673 /* Resources */ = {
			isa = PBXResourcesBuildPhase;
			buildActionMask = 2147483647;
			files = (
				D4E8A21F2604E1F00098B673 /* Main.storyboard in Resources */,
				D4E8A2232604E1F70098B673 /* Localizable.strings in Resources */,
				D4E8A2262604E1FB0098B673 /* Assets.xcassets in Resources */,
				D4E8A2202604E1F00098B673 /* LaunchScreen.storyboard in Resources */,
			);
			runOnlyForDeploymentPostprocessing = 0;
		};
		D4FD203825FF910200884043 /* Resources */ = {
			isa = PBXResourcesBuildPhase;
			buildActionMask = 2147483647;
			files = (
				D4FD204925FF910300884043 /* LaunchScreen.storyboard in Resources */,
				D468535825FFAEA200380E41 /* Localizable.strings in Resources */,
				D4FD204625FF910300884043 /* Assets.xcassets in Resources */,
				D4FD204425FF910200884043 /* Main.storyboard in Resources */,
			);
			runOnlyForDeploymentPostprocessing = 0;
		};
/* End PBXResourcesBuildPhase section */

/* Begin PBXShellScriptBuildPhase section */
		D4FD1A4126051210005580D2 /* SwiftLint */ = {
			isa = PBXShellScriptBuildPhase;
			buildActionMask = 2147483647;
			files = (
			);
			inputFileListPaths = (
			);
			inputPaths = (
			);
			name = SwiftLint;
			outputFileListPaths = (
			);
			outputPaths = (
			);
			runOnlyForDeploymentPostprocessing = 0;
			shellPath = /bin/sh;
			shellScript = "if test -f \"${PROJECT_DIR}/Project-Meta/SwiftLint/swiftlint\"; then\n    \"${PROJECT_DIR}/Project-Meta/SwiftLint/swiftlint\"\nfi\n";
		};
		D4FD1A4226051228005580D2 /* SwiftLint */ = {
			isa = PBXShellScriptBuildPhase;
			buildActionMask = 2147483647;
			files = (
			);
			inputFileListPaths = (
			);
			inputPaths = (
			);
			name = SwiftLint;
			outputFileListPaths = (
			);
			outputPaths = (
			);
			runOnlyForDeploymentPostprocessing = 0;
			shellPath = /bin/sh;
			shellScript = "if test -f \"${PROJECT_DIR}/Project-Meta/SwiftLint/swiftlint\"; then\n    \"${PROJECT_DIR}/Project-Meta/SwiftLint/swiftlint\"\nfi\n";
		};
		D4FD1A432605123E005580D2 /* SwiftLint */ = {
			isa = PBXShellScriptBuildPhase;
			buildActionMask = 2147483647;
			files = (
			);
			inputFileListPaths = (
			);
			inputPaths = (
			);
			name = SwiftLint;
			outputFileListPaths = (
			);
			outputPaths = (
			);
			runOnlyForDeploymentPostprocessing = 0;
			shellPath = /bin/sh;
			shellScript = "if test -f \"${PROJECT_DIR}/Project-Meta/SwiftLint/swiftlint\"; then\n    \"${PROJECT_DIR}/Project-Meta/SwiftLint/swiftlint\"\nfi\n";
		};
/* End PBXShellScriptBuildPhase section */

/* Begin PBXSourcesBuildPhase section */
		D4970C1D25FF997A00B97CC4 /* Sources */ = {
			isa = PBXSourcesBuildPhase;
			buildActionMask = 2147483647;
			files = (
				D4970C2D25FF99B400B97CC4 /* RVS_Checkbox.swift in Sources */,
			);
			runOnlyForDeploymentPostprocessing = 0;
		};
		D4E8A1DC2604E1BB0098B673 /* Sources */ = {
			isa = PBXSourcesBuildPhase;
			buildActionMask = 2147483647;
			files = (
				D4E8A21C2604E1EB0098B673 /* RVS_Checkbox_TestHarness_ViewController.swift in Sources */,
				D4E8A21B2604E1EB0098B673 /* RVS_Checkbox_TestHarness_AppDelegate.swift in Sources */,
			);
			runOnlyForDeploymentPostprocessing = 0;
		};
		D4FD203625FF910200884043 /* Sources */ = {
			isa = PBXSourcesBuildPhase;
			buildActionMask = 2147483647;
			files = (
				D4FD204125FF910200884043 /* RVS_Checkbox_TestHarness_ViewController.swift in Sources */,
				D4FD203D25FF910200884043 /* RVS_Checkbox_TestHarness_AppDelegate.swift in Sources */,
			);
			runOnlyForDeploymentPostprocessing = 0;
		};
/* End PBXSourcesBuildPhase section */

/* Begin PBXTargetDependency section */
		D46FD8802603B4E1001DA113 /* PBXTargetDependency */ = {
			isa = PBXTargetDependency;
			target = D4970C2025FF997A00B97CC4 /* RVS_Checkbox */;
			targetProxy = D46FD87F2603B4E1001DA113 /* PBXContainerItemProxy */;
		};
/* End PBXTargetDependency section */

/* Begin PBXVariantGroup section */
		D468535625FFAEA200380E41 /* Localizable.strings */ = {
			isa = PBXVariantGroup;
			children = (
				D468535725FFAEA200380E41 /* Base */,
			);
			name = Localizable.strings;
			sourceTree = "<group>";
		};
		D4FD204225FF910200884043 /* Main.storyboard */ = {
			isa = PBXVariantGroup;
			children = (
				D4FD204325FF910200884043 /* Base */,
			);
			name = Main.storyboard;
			sourceTree = "<group>";
		};
		D4FD204725FF910300884043 /* LaunchScreen.storyboard */ = {
			isa = PBXVariantGroup;
			children = (
				D4FD204825FF910300884043 /* Base */,
			);
			name = LaunchScreen.storyboard;
			sourceTree = "<group>";
		};
/* End PBXVariantGroup section */

/* Begin XCBuildConfiguration section */
		D4970C2625FF997A00B97CC4 /* Debug */ = {
			isa = XCBuildConfiguration;
			buildSettings = {
				CODE_SIGN_STYLE = Automatic;
				DEVELOPMENT_TEAM = P53V4JS928;
				OTHER_LDFLAGS = "-ObjC";
				PRODUCT_NAME = "$(TARGET_NAME)";
				SKIP_INSTALL = YES;
				SWIFT_VERSION = 5.0;
				TARGETED_DEVICE_FAMILY = "1,2";
			};
			name = Debug;
		};
		D4970C2725FF997A00B97CC4 /* Release */ = {
			isa = XCBuildConfiguration;
			buildSettings = {
				CODE_SIGN_STYLE = Automatic;
				DEVELOPMENT_TEAM = P53V4JS928;
				OTHER_LDFLAGS = "-ObjC";
				PRODUCT_NAME = "$(TARGET_NAME)";
				SKIP_INSTALL = YES;
				SWIFT_VERSION = 5.0;
				TARGETED_DEVICE_FAMILY = "1,2";
			};
			name = Release;
		};
		D4E8A2072604E1BC0098B673 /* Debug */ = {
			isa = XCBuildConfiguration;
			buildSettings = {
				ASSETCATALOG_COMPILER_APPICON_NAME = AppIcon;
				ASSETCATALOG_COMPILER_GLOBAL_ACCENT_COLOR_NAME = AccentColor;
				CODE_SIGN_STYLE = Automatic;
				CURRENT_PROJECT_VERSION = 2000;
				DEVELOPMENT_TEAM = P53V4JS928;
				INFOPLIST_FILE = "TestHarness/RVS_Checkbox_TestHarness/Info-SPM.plist";
				IPHONEOS_DEPLOYMENT_TARGET = 14.4;
				LD_RUNPATH_SEARCH_PATHS = (
					"$(inherited)",
					"@executable_path/Frameworks",
				);
				MARKETING_VERSION = 1.0.1;
				PRODUCT_BUNDLE_IDENTIFIER = "com.littlegreenviper.RVS-Checkbox-TestHarness-SPM";
				PRODUCT_NAME = "$(TARGET_NAME)";
				SWIFT_VERSION = 5.0;
				TARGETED_DEVICE_FAMILY = "1,2";
			};
			name = Debug;
		};
		D4E8A2082604E1BC0098B673 /* Release */ = {
			isa = XCBuildConfiguration;
			buildSettings = {
				ASSETCATALOG_COMPILER_APPICON_NAME = AppIcon;
				ASSETCATALOG_COMPILER_GLOBAL_ACCENT_COLOR_NAME = AccentColor;
				CODE_SIGN_STYLE = Automatic;
				CURRENT_PROJECT_VERSION = 2000;
				DEVELOPMENT_TEAM = P53V4JS928;
				INFOPLIST_FILE = "TestHarness/RVS_Checkbox_TestHarness/Info-SPM.plist";
				IPHONEOS_DEPLOYMENT_TARGET = 14.4;
				LD_RUNPATH_SEARCH_PATHS = (
					"$(inherited)",
					"@executable_path/Frameworks",
				);
				MARKETING_VERSION = 1.0.1;
				PRODUCT_BUNDLE_IDENTIFIER = "com.littlegreenviper.RVS-Checkbox-TestHarness-SPM";
				PRODUCT_NAME = "$(TARGET_NAME)";
				SWIFT_VERSION = 5.0;
				TARGETED_DEVICE_FAMILY = "1,2";
			};
			name = Release;
		};
		D4FD202C25FF90C200884043 /* Debug */ = {
			isa = XCBuildConfiguration;
			baseConfigurationReference = D4970C3125FF9A3300B97CC4 /* Warnings.xcconfig */;
			buildSettings = {
				ALWAYS_SEARCH_USER_PATHS = NO;
				CLANG_ANALYZER_NONNULL = YES;
				CLANG_ANALYZER_NUMBER_OBJECT_CONVERSION = YES_AGGRESSIVE;
				CLANG_CXX_LANGUAGE_STANDARD = "gnu++14";
				CLANG_CXX_LIBRARY = "libc++";
				CLANG_ENABLE_MODULES = YES;
				CLANG_ENABLE_OBJC_ARC = YES;
				CLANG_ENABLE_OBJC_WEAK = YES;
				CLANG_WARN_BLOCK_CAPTURE_AUTORELEASING = YES;
				CLANG_WARN_BOOL_CONVERSION = YES;
				CLANG_WARN_COMMA = YES;
				CLANG_WARN_CONSTANT_CONVERSION = YES;
				CLANG_WARN_DEPRECATED_OBJC_IMPLEMENTATIONS = YES;
				CLANG_WARN_DIRECT_OBJC_ISA_USAGE = YES_ERROR;
				CLANG_WARN_DOCUMENTATION_COMMENTS = YES;
				CLANG_WARN_EMPTY_BODY = YES;
				CLANG_WARN_ENUM_CONVERSION = YES;
				CLANG_WARN_INFINITE_RECURSION = YES;
				CLANG_WARN_INT_CONVERSION = YES;
				CLANG_WARN_NON_LITERAL_NULL_CONVERSION = YES;
				CLANG_WARN_OBJC_IMPLICIT_RETAIN_SELF = YES;
				CLANG_WARN_OBJC_LITERAL_CONVERSION = YES;
				CLANG_WARN_OBJC_ROOT_CLASS = YES_ERROR;
				CLANG_WARN_QUOTED_INCLUDE_IN_FRAMEWORK_HEADER = YES;
				CLANG_WARN_RANGE_LOOP_ANALYSIS = YES;
				CLANG_WARN_STRICT_PROTOTYPES = YES;
				CLANG_WARN_SUSPICIOUS_MOVE = YES;
				CLANG_WARN_UNGUARDED_AVAILABILITY = YES_AGGRESSIVE;
				CLANG_WARN_UNREACHABLE_CODE = YES;
				CLANG_WARN__DUPLICATE_METHOD_MATCH = YES;
				COPY_PHASE_STRIP = NO;
				CURRENT_PROJECT_VERSION = 1;
				DEBUG_INFORMATION_FORMAT = dwarf;
				ENABLE_STRICT_OBJC_MSGSEND = YES;
				ENABLE_TESTABILITY = YES;
				GCC_C_LANGUAGE_STANDARD = gnu11;
				GCC_DYNAMIC_NO_PIC = NO;
				GCC_NO_COMMON_BLOCKS = YES;
				GCC_OPTIMIZATION_LEVEL = 0;
				GCC_PREPROCESSOR_DEFINITIONS = (
					"DEBUG=1",
					"$(inherited)",
				);
				GCC_WARN_64_TO_32_BIT_CONVERSION = YES;
				GCC_WARN_ABOUT_RETURN_TYPE = YES_ERROR;
				GCC_WARN_UNDECLARED_SELECTOR = YES;
				GCC_WARN_UNINITIALIZED_AUTOS = YES_AGGRESSIVE;
				GCC_WARN_UNUSED_FUNCTION = YES;
				GCC_WARN_UNUSED_VARIABLE = YES;
				IPHONEOS_DEPLOYMENT_TARGET = 13.0;
				MTL_ENABLE_DEBUG_INFO = INCLUDE_SOURCE;
				MTL_FAST_MATH = YES;
				ONLY_ACTIVE_ARCH = YES;
				SDKROOT = iphoneos;
				SWIFT_ACTIVE_COMPILATION_CONDITIONS = DEBUG;
				SWIFT_OPTIMIZATION_LEVEL = "-Onone";
				VERSIONING_SYSTEM = "apple-generic";
				VERSION_INFO_PREFIX = "";
			};
			name = Debug;
		};
		D4FD202D25FF90C200884043 /* Release */ = {
			isa = XCBuildConfiguration;
			baseConfigurationReference = D4970C3125FF9A3300B97CC4 /* Warnings.xcconfig */;
			buildSettings = {
				ALWAYS_SEARCH_USER_PATHS = NO;
				CLANG_ANALYZER_NONNULL = YES;
				CLANG_ANALYZER_NUMBER_OBJECT_CONVERSION = YES_AGGRESSIVE;
				CLANG_CXX_LANGUAGE_STANDARD = "gnu++14";
				CLANG_CXX_LIBRARY = "libc++";
				CLANG_ENABLE_MODULES = YES;
				CLANG_ENABLE_OBJC_ARC = YES;
				CLANG_ENABLE_OBJC_WEAK = YES;
				CLANG_WARN_BLOCK_CAPTURE_AUTORELEASING = YES;
				CLANG_WARN_BOOL_CONVERSION = YES;
				CLANG_WARN_COMMA = YES;
				CLANG_WARN_CONSTANT_CONVERSION = YES;
				CLANG_WARN_DEPRECATED_OBJC_IMPLEMENTATIONS = YES;
				CLANG_WARN_DIRECT_OBJC_ISA_USAGE = YES_ERROR;
				CLANG_WARN_DOCUMENTATION_COMMENTS = YES;
				CLANG_WARN_EMPTY_BODY = YES;
				CLANG_WARN_ENUM_CONVERSION = YES;
				CLANG_WARN_INFINITE_RECURSION = YES;
				CLANG_WARN_INT_CONVERSION = YES;
				CLANG_WARN_NON_LITERAL_NULL_CONVERSION = YES;
				CLANG_WARN_OBJC_IMPLICIT_RETAIN_SELF = YES;
				CLANG_WARN_OBJC_LITERAL_CONVERSION = YES;
				CLANG_WARN_OBJC_ROOT_CLASS = YES_ERROR;
				CLANG_WARN_QUOTED_INCLUDE_IN_FRAMEWORK_HEADER = YES;
				CLANG_WARN_RANGE_LOOP_ANALYSIS = YES;
				CLANG_WARN_STRICT_PROTOTYPES = YES;
				CLANG_WARN_SUSPICIOUS_MOVE = YES;
				CLANG_WARN_UNGUARDED_AVAILABILITY = YES_AGGRESSIVE;
				CLANG_WARN_UNREACHABLE_CODE = YES;
				CLANG_WARN__DUPLICATE_METHOD_MATCH = YES;
				COPY_PHASE_STRIP = NO;
				CURRENT_PROJECT_VERSION = 1;
				DEBUG_INFORMATION_FORMAT = "dwarf-with-dsym";
				ENABLE_NS_ASSERTIONS = NO;
				ENABLE_STRICT_OBJC_MSGSEND = YES;
				GCC_C_LANGUAGE_STANDARD = gnu11;
				GCC_NO_COMMON_BLOCKS = YES;
				GCC_WARN_64_TO_32_BIT_CONVERSION = YES;
				GCC_WARN_ABOUT_RETURN_TYPE = YES_ERROR;
				GCC_WARN_UNDECLARED_SELECTOR = YES;
				GCC_WARN_UNINITIALIZED_AUTOS = YES_AGGRESSIVE;
				GCC_WARN_UNUSED_FUNCTION = YES;
				GCC_WARN_UNUSED_VARIABLE = YES;
				IPHONEOS_DEPLOYMENT_TARGET = 13.0;
				MTL_ENABLE_DEBUG_INFO = NO;
				MTL_FAST_MATH = YES;
				SDKROOT = iphoneos;
				SWIFT_COMPILATION_MODE = wholemodule;
				SWIFT_OPTIMIZATION_LEVEL = "-O";
				VALIDATE_PRODUCT = YES;
				VERSIONING_SYSTEM = "apple-generic";
				VERSION_INFO_PREFIX = "";
			};
			name = Release;
		};
		D4FD206225FF910300884043 /* Debug */ = {
			isa = XCBuildConfiguration;
			buildSettings = {
				ASSETCATALOG_COMPILER_APPICON_NAME = AppIcon;
				ASSETCATALOG_COMPILER_GLOBAL_ACCENT_COLOR_NAME = AccentColor;
				CODE_SIGN_STYLE = Automatic;
				CURRENT_PROJECT_VERSION = 2000;
				DEVELOPMENT_TEAM = P53V4JS928;
				INFOPLIST_FILE = TestHarness/RVS_Checkbox_TestHarness/Info.plist;
				LD_RUNPATH_SEARCH_PATHS = (
					"$(inherited)",
					"@executable_path/Frameworks",
				);
				MARKETING_VERSION = 1.0.1;
				PRODUCT_BUNDLE_IDENTIFIER = "com.littlegreenviper.RVS-Checkbox-TestHarness";
				PRODUCT_NAME = "$(TARGET_NAME)";
				SWIFT_VERSION = 5.0;
				TARGETED_DEVICE_FAMILY = "1,2";
			};
			name = Debug;
		};
		D4FD206325FF910300884043 /* Release */ = {
			isa = XCBuildConfiguration;
			buildSettings = {
				ASSETCATALOG_COMPILER_APPICON_NAME = AppIcon;
				ASSETCATALOG_COMPILER_GLOBAL_ACCENT_COLOR_NAME = AccentColor;
				CODE_SIGN_STYLE = Automatic;
				CURRENT_PROJECT_VERSION = 2000;
				DEVELOPMENT_TEAM = P53V4JS928;
				INFOPLIST_FILE = TestHarness/RVS_Checkbox_TestHarness/Info.plist;
				LD_RUNPATH_SEARCH_PATHS = (
					"$(inherited)",
					"@executable_path/Frameworks",
				);
				MARKETING_VERSION = 1.0.1;
				PRODUCT_BUNDLE_IDENTIFIER = "com.littlegreenviper.RVS-Checkbox-TestHarness";
				PRODUCT_NAME = "$(TARGET_NAME)";
				SWIFT_VERSION = 5.0;
				TARGETED_DEVICE_FAMILY = "1,2";
			};
			name = Release;
		};
/* End XCBuildConfiguration section */

/* Begin XCConfigurationList section */
		D4970C2525FF997A00B97CC4 /* Build configuration list for PBXNativeTarget "RVS_Checkbox" */ = {
			isa = XCConfigurationList;
			buildConfigurations = (
				D4970C2625FF997A00B97CC4 /* Debug */,
				D4970C2725FF997A00B97CC4 /* Release */,
			);
			defaultConfigurationIsVisible = 0;
			defaultConfigurationName = Release;
		};
		D4E8A20D2604E1BC0098B673 /* Build configuration list for PBXNativeTarget "RVS_Checkbox_TestHarness (SPM)" */ = {
			isa = XCConfigurationList;
			buildConfigurations = (
				D4E8A2072604E1BC0098B673 /* Debug */,
				D4E8A2082604E1BC0098B673 /* Release */,
			);
			defaultConfigurationIsVisible = 0;
			defaultConfigurationName = Release;
		};
		D4FD201425FF90C200884043 /* Build configuration list for PBXProject "RVS_Checkbox" */ = {
			isa = XCConfigurationList;
			buildConfigurations = (
				D4FD202C25FF90C200884043 /* Debug */,
				D4FD202D25FF90C200884043 /* Release */,
			);
			defaultConfigurationIsVisible = 0;
			defaultConfigurationName = Release;
		};
		D4FD206125FF910300884043 /* Build configuration list for PBXNativeTarget "RVS_Checkbox_TestHarness (Direct)" */ = {
			isa = XCConfigurationList;
			buildConfigurations = (
				D4FD206225FF910300884043 /* Debug */,
				D4FD206325FF910300884043 /* Release */,
			);
			defaultConfigurationIsVisible = 0;
			defaultConfigurationName = Release;
		};
/* End XCConfigurationList section */

/* Begin XCRemoteSwiftPackageReference section */
		D46FD8752603AB94001DA113 /* XCRemoteSwiftPackageReference "RVS_Generic_Swift_Toolbox" */ = {
			isa = XCRemoteSwiftPackageReference;
			repositoryURL = "git@github.com:RiftValleySoftware/RVS_Generic_Swift_Toolbox.git";
			requirement = {
				kind = upToNextMajorVersion;
				minimumVersion = 1.5.2;
			};
		};
		D4E8A22D2604E2F60098B673 /* XCRemoteSwiftPackageReference "RVS_Checkbox" */ = {
			isa = XCRemoteSwiftPackageReference;
			repositoryURL = "git@github.com:RiftValleySoftware/RVS_Checkbox.git";
			requirement = {
				kind = upToNextMajorVersion;
				minimumVersion = 1.0.0;
			};
		};
/* End XCRemoteSwiftPackageReference section */

/* Begin XCSwiftPackageProductDependency section */
		D46FD8762603AB94001DA113 /* RVS-Generic-Swift-Toolbox */ = {
			isa = XCSwiftPackageProductDependency;
			package = D46FD8752603AB94001DA113 /* XCRemoteSwiftPackageReference "RVS_Generic_Swift_Toolbox" */;
			productName = "RVS-Generic-Swift-Toolbox";
		};
		D4E8A22B2604E2A00098B673 /* RVS-Generic-Swift-Toolbox */ = {
			isa = XCSwiftPackageProductDependency;
			package = D46FD8752603AB94001DA113 /* XCRemoteSwiftPackageReference "RVS_Generic_Swift_Toolbox" */;
			productName = "RVS-Generic-Swift-Toolbox";
		};
		D4E8A22E2604E2F60098B673 /* RVS-Checkbox */ = {
			isa = XCSwiftPackageProductDependency;
			package = D4E8A22D2604E2F60098B673 /* XCRemoteSwiftPackageReference "RVS_Checkbox" */;
			productName = "RVS-Checkbox";
		};
/* End XCSwiftPackageProductDependency section */
	};
	rootObject = D4FD201125FF90C200884043 /* Project object */;
}
